{
  "version": 4,
  "terraform_version": "1.1.2",
  "serial": 122,
  "lineage": "f9213dec-c9ba-4fbc-8755-7558e497406b",
  "outputs": {},
  "resources": [
    {
      "mode": "managed",
      "type": "aws_instance",
      "name": "app_server",
      "provider": "provider[\"registry.terraform.io/hashicorp/aws\"]",
      "instances": [
        {
          "status": "tainted",
          "schema_version": 1,
          "attributes": {
            "ami": "ami-0e472ba40eb589f49",
            "arn": "arn:aws:ec2:us-east-1:085391803794:instance/i-01cedcd2e60775b2f",
            "associate_public_ip_address": true,
            "availability_zone": "us-east-1a",
            "capacity_reservation_specification": [
              {
                "capacity_reservation_preference": "open",
                "capacity_reservation_target": []
              }
            ],
            "cpu_core_count": 1,
            "cpu_threads_per_core": 1,
            "credit_specification": [
              {
                "cpu_credits": "standard"
              }
            ],
            "disable_api_termination": false,
            "ebs_block_device": [],
            "ebs_optimized": false,
            "enclave_options": [
              {
                "enabled": false
              }
            ],
            "ephemeral_block_device": [],
            "get_password_data": false,
            "hibernation": false,
            "host_id": null,
            "iam_instance_profile": "",
            "id": "i-01cedcd2e60775b2f",
            "instance_initiated_shutdown_behavior": "stop",
            "instance_state": "running",
            "instance_type": "t2.micro",
            "ipv6_address_count": 0,
            "ipv6_addresses": [],
            "key_name": "wpserver",
            "launch_template": [],
            "metadata_options": [
              {
                "http_endpoint": "enabled",
                "http_put_response_hop_limit": 1,
                "http_tokens": "optional"
              }
            ],
            "monitoring": false,
            "network_interface": [],
            "outpost_arn": "",
            "password_data": "",
            "placement_group": "",
            "placement_partition_number": null,
            "primary_network_interface_id": "eni-0577d09dab50cbc23",
            "private_dns": "ip-172-31-90-62.ec2.internal",
            "private_ip": "172.31.90.62",
            "public_dns": "ec2-54-85-150-251.compute-1.amazonaws.com",
            "public_ip": "54.85.150.251",
            "root_block_device": [
              {
                "delete_on_termination": true,
                "device_name": "/dev/sda1",
                "encrypted": false,
                "iops": 100,
                "kms_key_id": "",
                "tags": {},
                "throughput": 0,
                "volume_id": "vol-0ae48079532cbb728",
                "volume_size": 8,
                "volume_type": "gp2"
              }
            ],
            "secondary_private_ips": [],
            "security_groups": [
              "mainsecgroup"
            ],
            "source_dest_check": true,
            "subnet_id": "subnet-09f8a36933bd8aa2e",
            "tags": {
              "Name": "wpserver"
            },
            "tags_all": {
              "Name": "wpserver"
            },
            "tenancy": "default",
            "timeouts": null,
            "user_data": null,
            "user_data_base64": null,
            "volume_tags": null,
            "vpc_security_group_ids": [
              "sg-09f732cd89252ceaf"
            ]
          },
          "sensitive_attributes": [],
          "private": "eyJlMmJmYjczMC1lY2FhLTExZTYtOGY4OC0zNDM2M2JjN2M0YzAiOnsiY3JlYXRlIjo2MDAwMDAwMDAwMDAsImRlbGV0ZSI6MTIwMDAwMDAwMDAwMCwidXBkYXRlIjo2MDAwMDAwMDAwMDB9LCJzY2hlbWFfdmVyc2lvbiI6IjEifQ==",
          "dependencies": [
            "aws_security_group.mainsecgroup"
          ]
        }
      ]
    },
    {
      "mode": "managed",
      "type": "aws_key_pair",
      "name": "worker-key",
      "provider": "provider[\"registry.terraform.io/hashicorp/aws\"]",
      "instances": [
        {
          "schema_version": 1,
          "attributes": {
            "arn": "arn:aws:ec2:us-east-1:085391803794:key-pair/wpserver",
            "fingerprint": "8c:8a:e5:e1:d0:f9:28:eb:87:d2:05:78:76:73:70:2a",
            "id": "wpserver",
            "key_name": "wpserver",
            "key_name_prefix": "",
            "key_pair_id": "key-0f8b01d1b73ec6f86",
            "public_key": "ssh-rsa AAAAB3NzaC1yc2EAAAADAQABAAABgQDKIcnbd3qhGMLlJ68Gr7eOtMiKc1ILuv++QR+qpJig+XDN2KoUJimpIQenvKzOdRqVrphyA05quTxqD8IXhqYtymXi3VnBVxkJ329OAlJUXDogSiAzjn6AXL8xoKEP6i+4kqiUmEOZpn6OWUUrCNE3mf5C9/NJgrhYfxc8Vt5+EYIbB9zivhivOw+52+TWIq19bpY8ve2k4WrI16tesji6/G8unzFiBtaHtO11/Oc85AsXPIP+1/NcA8OgSopK+/U4PXc+PExjaamMfkILP7I/AKMWRDd/qXz7r4j8D1/SxnOHEPutcDEMSMuCdY498V1GMdOcQHfKsoeU7bthSoguy3Afhuw187VsmAa797Br5/0PFh2RnaiiZ/iRqQax2KMKCklW+mX7YylXU6wLMv6i37bQjB8OL9JKwpaTrlrx0UvpseTd48yUORM+adQoX5OpUSG+Gw/RSqG+iWCbkRf109xHbkmXrbYCBQ9PLwrWDy9QobdrafDUZyNRH47nrEs= yehor_sidelnikov@EPUAKYIW188B",
            "tags": null,
            "tags_all": {}
          },
          "sensitive_attributes": [],
          "private": "eyJzY2hlbWFfdmVyc2lvbiI6IjEifQ=="
        }
      ]
    },
    {
      "mode": "managed",
      "type": "aws_security_group",
      "name": "mainsecgroup",
      "provider": "provider[\"registry.terraform.io/hashicorp/aws\"]",
      "instances": [
        {
          "schema_version": 1,
          "attributes": {
            "arn": "arn:aws:ec2:us-east-1:085391803794:security-group/sg-09f732cd89252ceaf",
            "description": "Managed by Terraform",
            "egress": [
              {
                "cidr_blocks": [
                  "0.0.0.0/0"
                ],
                "description": "",
                "from_port": 0,
                "ipv6_cidr_blocks": [],
                "prefix_list_ids": [],
                "protocol": "-1",
                "security_groups": [],
                "self": false,
                "to_port": 0
              }
            ],
            "id": "sg-09f732cd89252ceaf",
            "ingress": [
              {
                "cidr_blocks": [
                  "0.0.0.0/0"
                ],
                "description": "",
                "from_port": 22,
                "ipv6_cidr_blocks": [],
                "prefix_list_ids": [],
                "protocol": "tcp",
                "security_groups": [],
                "self": false,
                "to_port": 22
              },
              {
                "cidr_blocks": [
                  "0.0.0.0/0"
                ],
                "description": "",
                "from_port": 80,
                "ipv6_cidr_blocks": [],
                "prefix_list_ids": [],
                "protocol": "tcp",
                "security_groups": [],
                "self": false,
                "to_port": 80
              }
            ],
            "name": "mainsecgroup",
            "name_prefix": "",
            "owner_id": "085391803794",
            "revoke_rules_on_delete": false,
            "tags": null,
            "tags_all": {},
            "timeouts": null,
            "vpc_id": "vpc-036ea6cbe78a7a9a0"
          },
          "sensitive_attributes": [],
          "private": "eyJlMmJmYjczMC1lY2FhLTExZTYtOGY4OC0zNDM2M2JjN2M0YzAiOnsiY3JlYXRlIjo2MDAwMDAwMDAwMDAsImRlbGV0ZSI6OTAwMDAwMDAwMDAwfSwic2NoZW1hX3ZlcnNpb24iOiIxIn0="
        }
      ]
    }
  ]
}
